
Microsoft Visual Studio Solution File, Format Version 12.00
# Visual Studio 15
VisualStudioVersion = 15.0.28307.106
MinimumVisualStudioVersion = 10.0.40219.1
Project("{FAE04EC0-301F-11D3-BF4B-00C04F79EFBC}") = "ERP.API", "ERP.API\ERP.API.csproj", "{64817157-5022-47D3-BD79-F5FAC3374C1F}"
EndProject
Project("{FAE04EC0-301F-11D3-BF4B-00C04F79EFBC}") = "ERP.Models", "ERP.Models\ERP.Models.csproj", "{AE3CD7CE-820D-4ACF-9165-57775AC239F8}"
EndProject
Project("{FAE04EC0-301F-11D3-BF4B-00C04F79EFBC}") = "ERP.Services", "ERP.Services\ERP.Services.csproj", "{E8FD7BDD-C5BF-4448-AD50-196E0309D316}"
EndProject
Project("{FAE04EC0-301F-11D3-BF4B-00C04F79EFBC}") = "ERP.Repositories", "ERP.Repositories\ERP.Repositories.csproj", "{318AABE8-4FE0-49FE-89AE-5C268E586BC9}"
EndProject
Project("{FAE04EC0-301F-11D3-BF4B-00C04F79EFBC}") = "ERP.Common", "ERP.Common\ERP.Common.csproj", "{3A9C9DC4-07EE-4313-8F12-9A8DEF50D88A}"
EndProject
Global
	GlobalSection(SolutionConfigurationPlatforms) = preSolution
		Debug|Any CPU = Debug|Any CPU
		Release|Any CPU = Release|Any CPU
	EndGlobalSection
	GlobalSection(ProjectConfigurationPlatforms) = postSolution
		{64817157-5022-47D3-BD79-F5FAC3374C1F}.Debug|Any CPU.ActiveCfg = Debug|Any CPU
		{64817157-5022-47D3-BD79-F5FAC3374C1F}.Debug|Any CPU.Build.0 = Debug|Any CPU
		{64817157-5022-47D3-BD79-F5FAC3374C1F}.Release|Any CPU.ActiveCfg = Release|Any CPU
		{64817157-5022-47D3-BD79-F5FAC3374C1F}.Release|Any CPU.Build.0 = Release|Any CPU
		{AE3CD7CE-820D-4ACF-9165-57775AC239F8}.Debug|Any CPU.ActiveCfg = Debug|Any CPU
		{AE3CD7CE-820D-4ACF-9165-57775AC239F8}.Debug|Any CPU.Build.0 = Debug|Any CPU
		{AE3CD7CE-820D-4ACF-9165-57775AC239F8}.Release|Any CPU.ActiveCfg = Release|Any CPU
		{AE3CD7CE-820D-4ACF-9165-57775AC239F8}.Release|Any CPU.Build.0 = Release|Any CPU
		{E8FD7BDD-C5BF-4448-AD50-196E0309D316}.Debug|Any CPU.ActiveCfg = Debug|Any CPU
		{E8FD7BDD-C5BF-4448-AD50-196E0309D316}.Debug|Any CPU.Build.0 = Debug|Any CPU
		{E8FD7BDD-C5BF-4448-AD50-196E0309D316}.Release|Any CPU.ActiveCfg = Release|Any CPU
		{E8FD7BDD-C5BF-4448-AD50-196E0309D316}.Release|Any CPU.Build.0 = Release|Any CPU
		{318AABE8-4FE0-49FE-89AE-5C268E586BC9}.Debug|Any CPU.ActiveCfg = Debug|Any CPU
		{318AABE8-4FE0-49FE-89AE-5C268E586BC9}.Debug|Any CPU.Build.0 = Debug|Any CPU
		{318AABE8-4FE0-49FE-89AE-5C268E586BC9}.Release|Any CPU.ActiveCfg = Release|Any CPU
		{318AABE8-4FE0-49FE-89AE-5C268E586BC9}.Release|Any CPU.Build.0 = Release|Any CPU
		{3A9C9DC4-07EE-4313-8F12-9A8DEF50D88A}.Debug|Any CPU.ActiveCfg = Debug|Any CPU
		{3A9C9DC4-07EE-4313-8F12-9A8DEF50D88A}.Debug|Any CPU.Build.0 = Debug|Any CPU
		{3A9C9DC4-07EE-4313-8F12-9A8DEF50D88A}.Release|Any CPU.ActiveCfg = Release|Any CPU
		{3A9C9DC4-07EE-4313-8F12-9A8DEF50D88A}.Release|Any CPU.Build.0 = Release|Any CPU
	EndGlobalSection
	GlobalSection(SolutionProperties) = preSolution
		HideSolutionNode = FALSE
	EndGlobalSection
	GlobalSection(ExtensibilityGlobals) = postSolution
		SolutionGuid = {5EE96350-0E9D-444D-8B8F-900185DACD9F}
	EndGlobalSection
EndGlobal
